
Microsoft Visual Studio Solution File, Format Version 12.00
# Visual Studio Version 17
VisualStudioVersion = 17.0.32126.317
MinimumVisualStudioVersion = 10.0.40219.1
Project("{FAE04EC0-301F-11D3-BF4B-00C04F79EFBC}") = "LibaryManagmentSystemEf", "LibaryManagmentSystemEf\LibaryManagmentSystemEf.csproj", "{14123B6E-06B9-403A-BB80-B37D2148493A}"
EndProject
Global
	GlobalSection(SolutionConfigurationPlatforms) = preSolution
		Debug|Any CPU = Debug|Any CPU
		Release|Any CPU = Release|Any CPU
	EndGlobalSection
	GlobalSection(ProjectConfigurationPlatforms) = postSolution
		{14123B6E-06B9-403A-BB80-B37D2148493A}.Debug|Any CPU.ActiveCfg = Debug|Any CPU
		{14123B6E-06B9-403A-BB80-B37D2148493A}.Debug|Any CPU.Build.0 = Debug|Any CPU
		{14123B6E-06B9-403A-BB80-B37D2148493A}.Release|Any CPU.ActiveCfg = Release|Any CPU
		{14123B6E-06B9-403A-BB80-B37D2148493A}.Release|Any CPU.Build.0 = Release|Any CPU
	EndGlobalSection
	GlobalSection(SolutionProperties) = preSolution
		HideSolutionNode = FALSE
	EndGlobalSection
	GlobalSection(ExtensibilityGlobals) = postSolution
		SolutionGuid = {0F78595D-5D91-4B78-B940-654AED12D48B}
	EndGlobalSection
EndGlobal
